// !$*UTF8*$!
{
	archiveVersion = 1;
	classes = {
	};
	objectVersion = 46;
	objects = {

/* Begin PBXBuildFile section */
		EA78483B1AC12499007CD768 /* AppDelegate.swift in Sources */ = {isa = PBXBuildFile; fileRef = EA78483A1AC12499007CD768 /* AppDelegate.swift */; };
		EA78483D1AC12499007CD768 /* ViewController.swift in Sources */ = {isa = PBXBuildFile; fileRef = EA78483C1AC12499007CD768 /* ViewController.swift */; };
		EA7848401AC12499007CD768 /* Main.storyboard in Resources */ = {isa = PBXBuildFile; fileRef = EA78483E1AC12499007CD768 /* Main.storyboard */; };
		EA7848421AC12499007CD768 /* Images.xcassets in Resources */ = {isa = PBXBuildFile; fileRef = EA7848411AC12499007CD768 /* Images.xcassets */; };
		EA7848451AC12499007CD768 /* LaunchScreen.xib in Resources */ = {isa = PBXBuildFile; fileRef = EA7848431AC12499007CD768 /* LaunchScreen.xib */; };
		EA7848511AC12499007CD768 /* PinkappleTests.swift in Sources */ = {isa = PBXBuildFile; fileRef = EA7848501AC12499007CD768 /* PinkappleTests.swift */; };
		EA7848631AC124F4007CD768 /* InterfaceController.swift in Sources */ = {isa = PBXBuildFile; fileRef = EA7848621AC124F4007CD768 /* InterfaceController.swift */; };
		EA7848651AC124F4007CD768 /* Images.xcassets in Resources */ = {isa = PBXBuildFile; fileRef = EA7848641AC124F4007CD768 /* Images.xcassets */; };
		EA7848691AC124F4007CD768 /* Pinkapple WatchKit App.app in Resources */ = {isa = PBXBuildFile; fileRef = EA7848681AC124F4007CD768 /* Pinkapple WatchKit App.app */; };
		EA7848711AC124F4007CD768 /* Interface.storyboard in Resources */ = {isa = PBXBuildFile; fileRef = EA78486F1AC124F4007CD768 /* Interface.storyboard */; };
		EA7848731AC124F4007CD768 /* Images.xcassets in Resources */ = {isa = PBXBuildFile; fileRef = EA7848721AC124F4007CD768 /* Images.xcassets */; };
		EA7848761AC124F4007CD768 /* Pinkapple WatchKit Extension.appex in Embed App Extensions */ = {isa = PBXBuildFile; fileRef = EA78485E1AC124F4007CD768 /* Pinkapple WatchKit Extension.appex */; settings = {ATTRIBUTES = (RemoveHeadersOnCopy, ); }; };
		EA7848801AC12889007CD768 /* DribbbleAPI.swift in Sources */ = {isa = PBXBuildFile; fileRef = EA78487F1AC12889007CD768 /* DribbbleAPI.swift */; };
		EA7848821AC128B6007CD768 /* Shot.swift in Sources */ = {isa = PBXBuildFile; fileRef = EA7848811AC128B6007CD768 /* Shot.swift */; };
		EA7848841AC128DE007CD768 /* User.swift in Sources */ = {isa = PBXBuildFile; fileRef = EA7848831AC128DE007CD768 /* User.swift */; };
		EA7848861AC12919007CD768 /* Utils.swift in Sources */ = {isa = PBXBuildFile; fileRef = EA7848851AC12918007CD768 /* Utils.swift */; };
		EA78488A1AC13D31007CD768 /* FaceTwoController.swift in Sources */ = {isa = PBXBuildFile; fileRef = EA7848891AC13D31007CD768 /* FaceTwoController.swift */; };
		EA92DE7F1AC13F04004EEE79 /* ShotRow.swift in Sources */ = {isa = PBXBuildFile; fileRef = EA92DE7E1AC13F04004EEE79 /* ShotRow.swift */; };
/* End PBXBuildFile section */

/* Begin PBXContainerItemProxy section */
		EA78484B1AC12499007CD768 /* PBXContainerItemProxy */ = {
			isa = PBXContainerItemProxy;
			containerPortal = EA78482D1AC12499007CD768 /* Project object */;
			proxyType = 1;
			remoteGlobalIDString = EA7848341AC12499007CD768;
			remoteInfo = Pinkapple;
		};
		EA78486A1AC124F4007CD768 /* PBXContainerItemProxy */ = {
			isa = PBXContainerItemProxy;
			containerPortal = EA78482D1AC12499007CD768 /* Project object */;
			proxyType = 1;
			remoteGlobalIDString = EA7848671AC124F4007CD768;
			remoteInfo = "Pinkapple WatchKit App";
		};
		EA7848741AC124F4007CD768 /* PBXContainerItemProxy */ = {
			isa = PBXContainerItemProxy;
			containerPortal = EA78482D1AC12499007CD768 /* Project object */;
			proxyType = 1;
			remoteGlobalIDString = EA78485D1AC124F4007CD768;
			remoteInfo = "Pinkapple WatchKit Extension";
		};
/* End PBXContainerItemProxy section */

/* Begin PBXCopyFilesBuildPhase section */
		EA78487D1AC124F4007CD768 /* Embed App Extensions */ = {
			isa = PBXCopyFilesBuildPhase;
			buildActionMask = 2147483647;
			dstPath = "";
			dstSubfolderSpec = 13;
			files = (
				EA7848761AC124F4007CD768 /* Pinkapple WatchKit Extension.appex in Embed App Extensions */,
			);
			name = "Embed App Extensions";
			runOnlyForDeploymentPostprocessing = 0;
		};
/* End PBXCopyFilesBuildPhase section */

/* Begin PBXFileReference section */
		EA7848351AC12499007CD768 /* Pinkapple.app */ = {isa = PBXFileReference; explicitFileType = wrapper.application; includeInIndex = 0; path = Pinkapple.app; sourceTree = BUILT_PRODUCTS_DIR; };
		EA7848391AC12499007CD768 /* Info.plist */ = {isa = PBXFileReference; lastKnownFileType = text.plist.xml; path = Info.plist; sourceTree = "<group>"; };
		EA78483A1AC12499007CD768 /* AppDelegate.swift */ = {isa = PBXFileReference; lastKnownFileType = sourcecode.swift; path = AppDelegate.swift; sourceTree = "<group>"; };
		EA78483C1AC12499007CD768 /* ViewController.swift */ = {isa = PBXFileReference; lastKnownFileType = sourcecode.swift; path = ViewController.swift; sourceTree = "<group>"; };
		EA78483F1AC12499007CD768 /* Base */ = {isa = PBXFileReference; lastKnownFileType = file.storyboard; name = Base; path = Base.lproj/Main.storyboard; sourceTree = "<group>"; };
		EA7848411AC12499007CD768 /* Images.xcassets */ = {isa = PBXFileReference; lastKnownFileType = folder.assetcatalog; path = Images.xcassets; sourceTree = "<group>"; };
		EA7848441AC12499007CD768 /* Base */ = {isa = PBXFileReference; lastKnownFileType = file.xib; name = Base; path = Base.lproj/LaunchScreen.xib; sourceTree = "<group>"; };
		EA78484A1AC12499007CD768 /* PinkappleTests.xctest */ = {isa = PBXFileReference; explicitFileType = wrapper.cfbundle; includeInIndex = 0; path = PinkappleTests.xctest; sourceTree = BUILT_PRODUCTS_DIR; };
		EA78484F1AC12499007CD768 /* Info.plist */ = {isa = PBXFileReference; lastKnownFileType = text.plist.xml; path = Info.plist; sourceTree = "<group>"; };
		EA7848501AC12499007CD768 /* PinkappleTests.swift */ = {isa = PBXFileReference; lastKnownFileType = sourcecode.swift; path = PinkappleTests.swift; sourceTree = "<group>"; };
		EA78485E1AC124F4007CD768 /* Pinkapple WatchKit Extension.appex */ = {isa = PBXFileReference; explicitFileType = "wrapper.app-extension"; includeInIndex = 0; path = "Pinkapple WatchKit Extension.appex"; sourceTree = BUILT_PRODUCTS_DIR; };
		EA7848611AC124F4007CD768 /* Info.plist */ = {isa = PBXFileReference; lastKnownFileType = text.plist.xml; path = Info.plist; sourceTree = "<group>"; };
		EA7848621AC124F4007CD768 /* InterfaceController.swift */ = {isa = PBXFileReference; lastKnownFileType = sourcecode.swift; path = InterfaceController.swift; sourceTree = "<group>"; };
		EA7848641AC124F4007CD768 /* Images.xcassets */ = {isa = PBXFileReference; lastKnownFileType = folder.assetcatalog; path = Images.xcassets; sourceTree = "<group>"; };
		EA7848681AC124F4007CD768 /* Pinkapple WatchKit App.app */ = {isa = PBXFileReference; explicitFileType = wrapper.application; includeInIndex = 0; path = "Pinkapple WatchKit App.app"; sourceTree = BUILT_PRODUCTS_DIR; };
		EA78486E1AC124F4007CD768 /* Info.plist */ = {isa = PBXFileReference; lastKnownFileType = text.plist.xml; path = Info.plist; sourceTree = "<group>"; };
		EA7848701AC124F4007CD768 /* Base */ = {isa = PBXFileReference; lastKnownFileType = file.storyboard; name = Base; path = Base.lproj/Interface.storyboard; sourceTree = "<group>"; };
		EA7848721AC124F4007CD768 /* Images.xcassets */ = {isa = PBXFileReference; lastKnownFileType = folder.assetcatalog; path = Images.xcassets; sourceTree = "<group>"; };
		EA78487F1AC12889007CD768 /* DribbbleAPI.swift */ = {isa = PBXFileReference; fileEncoding = 4; lastKnownFileType = sourcecode.swift; path = DribbbleAPI.swift; sourceTree = "<group>"; };
		EA7848811AC128B6007CD768 /* Shot.swift */ = {isa = PBXFileReference; fileEncoding = 4; lastKnownFileType = sourcecode.swift; path = Shot.swift; sourceTree = "<group>"; };
		EA7848831AC128DE007CD768 /* User.swift */ = {isa = PBXFileReference; fileEncoding = 4; lastKnownFileType = sourcecode.swift; path = User.swift; sourceTree = "<group>"; };
		EA7848851AC12918007CD768 /* Utils.swift */ = {isa = PBXFileReference; fileEncoding = 4; lastKnownFileType = sourcecode.swift; path = Utils.swift; sourceTree = "<group>"; };
		EA7848891AC13D31007CD768 /* FaceTwoController.swift */ = {isa = PBXFileReference; fileEncoding = 4; lastKnownFileType = sourcecode.swift; path = FaceTwoController.swift; sourceTree = "<group>"; };
		EA92DE7E1AC13F04004EEE79 /* ShotRow.swift */ = {isa = PBXFileReference; fileEncoding = 4; lastKnownFileType = sourcecode.swift; path = ShotRow.swift; sourceTree = "<group>"; };
/* End PBXFileReference section */

/* Begin PBXFrameworksBuildPhase section */
		EA7848321AC12499007CD768 /* Frameworks */ = {
			isa = PBXFrameworksBuildPhase;
			buildActionMask = 2147483647;
			files = (
			);
			runOnlyForDeploymentPostprocessing = 0;
		};
		EA7848471AC12499007CD768 /* Frameworks */ = {
			isa = PBXFrameworksBuildPhase;
			buildActionMask = 2147483647;
			files = (
			);
			runOnlyForDeploymentPostprocessing = 0;
		};
		EA78485B1AC124F4007CD768 /* Frameworks */ = {
			isa = PBXFrameworksBuildPhase;
			buildActionMask = 2147483647;
			files = (
			);
			runOnlyForDeploymentPostprocessing = 0;
		};
/* End PBXFrameworksBuildPhase section */

/* Begin PBXGroup section */
		EA78482C1AC12499007CD768 = {
			isa = PBXGroup;
			children = (
				EA7848371AC12499007CD768 /* Pinkapple */,
				EA78484D1AC12499007CD768 /* PinkappleTests */,
				EA78485F1AC124F4007CD768 /* Pinkapple WatchKit Extension */,
				EA78486C1AC124F4007CD768 /* Pinkapple WatchKit App */,
				EA7848361AC12499007CD768 /* Products */,
			);
			sourceTree = "<group>";
		};
		EA7848361AC12499007CD768 /* Products */ = {
			isa = PBXGroup;
			children = (
				EA7848351AC12499007CD768 /* Pinkapple.app */,
				EA78484A1AC12499007CD768 /* PinkappleTests.xctest */,
				EA78485E1AC124F4007CD768 /* Pinkapple WatchKit Extension.appex */,
				EA7848681AC124F4007CD768 /* Pinkapple WatchKit App.app */,
			);
			name = Products;
			sourceTree = "<group>";
		};
		EA7848371AC12499007CD768 /* Pinkapple */ = {
			isa = PBXGroup;
			children = (
				EA78483A1AC12499007CD768 /* AppDelegate.swift */,
				EA78483C1AC12499007CD768 /* ViewController.swift */,
				EA78483E1AC12499007CD768 /* Main.storyboard */,
				EA7848411AC12499007CD768 /* Images.xcassets */,
				EA7848431AC12499007CD768 /* LaunchScreen.xib */,
				EA7848381AC12499007CD768 /* Supporting Files */,
			);
			path = Pinkapple;
			sourceTree = "<group>";
		};
		EA7848381AC12499007CD768 /* Supporting Files */ = {
			isa = PBXGroup;
			children = (
				EA7848391AC12499007CD768 /* Info.plist */,
			);
			name = "Supporting Files";
			sourceTree = "<group>";
		};
		EA78484D1AC12499007CD768 /* PinkappleTests */ = {
			isa = PBXGroup;
			children = (
				EA7848501AC12499007CD768 /* PinkappleTests.swift */,
				EA78484E1AC12499007CD768 /* Supporting Files */,
			);
			path = PinkappleTests;
			sourceTree = "<group>";
		};
		EA78484E1AC12499007CD768 /* Supporting Files */ = {
			isa = PBXGroup;
			children = (
				EA78484F1AC12499007CD768 /* Info.plist */,
			);
			name = "Supporting Files";
			sourceTree = "<group>";
		};
		EA78485F1AC124F4007CD768 /* Pinkapple WatchKit Extension */ = {
			isa = PBXGroup;
			children = (
				EA78487E1AC12866007CD768 /* DribbbleAPI */,
				EA7848621AC124F4007CD768 /* InterfaceController.swift */,
				EA7848891AC13D31007CD768 /* FaceTwoController.swift */,
				EA92DE7E1AC13F04004EEE79 /* ShotRow.swift */,
				EA7848851AC12918007CD768 /* Utils.swift */,
				EA7848641AC124F4007CD768 /* Images.xcassets */,
				EA7848601AC124F4007CD768 /* Supporting Files */,
			);
			path = "Pinkapple WatchKit Extension";
			sourceTree = "<group>";
		};
		EA7848601AC124F4007CD768 /* Supporting Files */ = {
			isa = PBXGroup;
			children = (
				EA7848611AC124F4007CD768 /* Info.plist */,
			);
			name = "Supporting Files";
			sourceTree = "<group>";
		};
		EA78486C1AC124F4007CD768 /* Pinkapple WatchKit App */ = {
			isa = PBXGroup;
			children = (
				EA78486F1AC124F4007CD768 /* Interface.storyboard */,
				EA7848721AC124F4007CD768 /* Images.xcassets */,
				EA78486D1AC124F4007CD768 /* Supporting Files */,
			);
			path = "Pinkapple WatchKit App";
			sourceTree = "<group>";
		};
		EA78486D1AC124F4007CD768 /* Supporting Files */ = {
			isa = PBXGroup;
			children = (
				EA78486E1AC124F4007CD768 /* Info.plist */,
			);
			name = "Supporting Files";
			sourceTree = "<group>";
		};
		EA78487E1AC12866007CD768 /* DribbbleAPI */ = {
			isa = PBXGroup;
			children = (
				EA78487F1AC12889007CD768 /* DribbbleAPI.swift */,
				EA7848811AC128B6007CD768 /* Shot.swift */,
				EA7848831AC128DE007CD768 /* User.swift */,
			);
			name = DribbbleAPI;
			sourceTree = "<group>";
		};
/* End PBXGroup section */

/* Begin PBXNativeTarget section */
		EA7848341AC12499007CD768 /* Pinkapple */ = {
			isa = PBXNativeTarget;
			buildConfigurationList = EA7848541AC12499007CD768 /* Build configuration list for PBXNativeTarget "Pinkapple" */;
			buildPhases = (
				EA7848311AC12499007CD768 /* Sources */,
				EA7848321AC12499007CD768 /* Frameworks */,
				EA7848331AC12499007CD768 /* Resources */,
				EA78487D1AC124F4007CD768 /* Embed App Extensions */,
			);
			buildRules = (
			);
			dependencies = (
				EA7848751AC124F4007CD768 /* PBXTargetDependency */,
			);
			name = Pinkapple;
			productName = Pinkapple;
			productReference = EA7848351AC12499007CD768 /* Pinkapple.app */;
			productType = "com.apple.product-type.application";
		};
		EA7848491AC12499007CD768 /* PinkappleTests */ = {
			isa = PBXNativeTarget;
			buildConfigurationList = EA7848571AC12499007CD768 /* Build configuration list for PBXNativeTarget "PinkappleTests" */;
			buildPhases = (
				EA7848461AC12499007CD768 /* Sources */,
				EA7848471AC12499007CD768 /* Frameworks */,
				EA7848481AC12499007CD768 /* Resources */,
			);
			buildRules = (
			);
			dependencies = (
				EA78484C1AC12499007CD768 /* PBXTargetDependency */,
			);
			name = PinkappleTests;
			productName = PinkappleTests;
			productReference = EA78484A1AC12499007CD768 /* PinkappleTests.xctest */;
			productType = "com.apple.product-type.bundle.unit-test";
		};
		EA78485D1AC124F4007CD768 /* Pinkapple WatchKit Extension */ = {
			isa = PBXNativeTarget;
			buildConfigurationList = EA78487A1AC124F4007CD768 /* Build configuration list for PBXNativeTarget "Pinkapple WatchKit Extension" */;
			buildPhases = (
				EA78485A1AC124F4007CD768 /* Sources */,
				EA78485B1AC124F4007CD768 /* Frameworks */,
				EA78485C1AC124F4007CD768 /* Resources */,
			);
			buildRules = (
			);
			dependencies = (
				EA78486B1AC124F4007CD768 /* PBXTargetDependency */,
			);
			name = "Pinkapple WatchKit Extension";
			productName = "Pinkapple WatchKit Extension";
			productReference = EA78485E1AC124F4007CD768 /* Pinkapple WatchKit Extension.appex */;
			productType = "com.apple.product-type.watchkit-extension";
		};
		EA7848671AC124F4007CD768 /* Pinkapple WatchKit App */ = {
			isa = PBXNativeTarget;
			buildConfigurationList = EA7848771AC124F4007CD768 /* Build configuration list for PBXNativeTarget "Pinkapple WatchKit App" */;
			buildPhases = (
				EA7848661AC124F4007CD768 /* Resources */,
			);
			buildRules = (
			);
			dependencies = (
			);
			name = "Pinkapple WatchKit App";
			productName = "Pinkapple WatchKit App";
			productReference = EA7848681AC124F4007CD768 /* Pinkapple WatchKit App.app */;
			productType = "com.apple.product-type.application.watchapp";
		};
/* End PBXNativeTarget section */

/* Begin PBXProject section */
		EA78482D1AC12499007CD768 /* Project object */ = {
			isa = PBXProject;
			attributes = {
				LastUpgradeCheck = 0620;
				ORGANIZATIONNAME = "yuye wang";
				TargetAttributes = {
					EA7848341AC12499007CD768 = {
						CreatedOnToolsVersion = 6.2;
					};
					EA7848491AC12499007CD768 = {
						CreatedOnToolsVersion = 6.2;
						TestTargetID = EA7848341AC12499007CD768;
					};
					EA78485D1AC124F4007CD768 = {
						CreatedOnToolsVersion = 6.2;
					};
					EA7848671AC124F4007CD768 = {
						CreatedOnToolsVersion = 6.2;
					};
				};
			};
			buildConfigurationList = EA7848301AC12499007CD768 /* Build configuration list for PBXProject "Pinkapple" */;
			compatibilityVersion = "Xcode 3.2";
			developmentRegion = English;
			hasScannedForEncodings = 0;
			knownRegions = (
				en,
				Base,
			);
			mainGroup = EA78482C1AC12499007CD768;
			productRefGroup = EA7848361AC12499007CD768 /* Products */;
			projectDirPath = "";
			projectRoot = "";
			targets = (
				EA7848341AC12499007CD768 /* Pinkapple */,
				EA7848491AC12499007CD768 /* PinkappleTests */,
				EA78485D1AC124F4007CD768 /* Pinkapple WatchKit Extension */,
				EA7848671AC124F4007CD768 /* Pinkapple WatchKit App */,
			);
		};
/* End PBXProject section */

/* Begin PBXResourcesBuildPhase section */
		EA7848331AC12499007CD768 /* Resources */ = {
			isa = PBXResourcesBuildPhase;
			buildActionMask = 2147483647;
			files = (
				EA7848401AC12499007CD768 /* Main.storyboard in Resources */,
				EA7848451AC12499007CD768 /* LaunchScreen.xib in Resources */,
				EA7848421AC12499007CD768 /* Images.xcassets in Resources */,
			);
			runOnlyForDeploymentPostprocessing = 0;
		};
		EA7848481AC12499007CD768 /* Resources */ = {
			isa = PBXResourcesBuildPhase;
			buildActionMask = 2147483647;
			files = (
			);
			runOnlyForDeploymentPostprocessing = 0;
		};
		EA78485C1AC124F4007CD768 /* Resources */ = {
			isa = PBXResourcesBuildPhase;
			buildActionMask = 2147483647;
			files = (
				EA7848651AC124F4007CD768 /* Images.xcassets in Resources */,
				EA7848691AC124F4007CD768 /* Pinkapple WatchKit App.app in Resources */,
			);
			runOnlyForDeploymentPostprocessing = 0;
		};
		EA7848661AC124F4007CD768 /* Resources */ = {
			isa = PBXResourcesBuildPhase;
			buildActionMask = 2147483647;
			files = (
				EA7848711AC124F4007CD768 /* Interface.storyboard in Resources */,
				EA7848731AC124F4007CD768 /* Images.xcassets in Resources */,
			);
			runOnlyForDeploymentPostprocessing = 0;
		};
/* End PBXResourcesBuildPhase section */

/* Begin PBXSourcesBuildPhase section */
		EA7848311AC12499007CD768 /* Sources */ = {
			isa = PBXSourcesBuildPhase;
			buildActionMask = 2147483647;
			files = (
				EA78483D1AC12499007CD768 /* ViewController.swift in Sources */,
				EA78483B1AC12499007CD768 /* AppDelegate.swift in Sources */,
			);
			runOnlyForDeploymentPostprocessing = 0;
		};
		EA7848461AC12499007CD768 /* Sources */ = {
			isa = PBXSourcesBuildPhase;
			buildActionMask = 2147483647;
			files = (
				EA7848511AC12499007CD768 /* PinkappleTests.swift in Sources */,
			);
			runOnlyForDeploymentPostprocessing = 0;
		};
		EA78485A1AC124F4007CD768 /* Sources */ = {
			isa = PBXSourcesBuildPhase;
			buildActionMask = 2147483647;
			files = (
				EA7848861AC12919007CD768 /* Utils.swift in Sources */,
				EA7848841AC128DE007CD768 /* User.swift in Sources */,
				EA7848821AC128B6007CD768 /* Shot.swift in Sources */,
				EA92DE7F1AC13F04004EEE79 /* ShotRow.swift in Sources */,
				EA7848801AC12889007CD768 /* DribbbleAPI.swift in Sources */,
				EA7848631AC124F4007CD768 /* InterfaceController.swift in Sources */,
				EA78488A1AC13D31007CD768 /* FaceTwoController.swift in Sources */,
			);
			runOnlyForDeploymentPostprocessing = 0;
		};
/* End PBXSourcesBuildPhase section */

/* Begin PBXTargetDependency section */
		EA78484C1AC12499007CD768 /* PBXTargetDependency */ = {
			isa = PBXTargetDependency;
			target = EA7848341AC12499007CD768 /* Pinkapple */;
			targetProxy = EA78484B1AC12499007CD768 /* PBXContainerItemProxy */;
		};
		EA78486B1AC124F4007CD768 /* PBXTargetDependency */ = {
			isa = PBXTargetDependency;
			target = EA7848671AC124F4007CD768 /* Pinkapple WatchKit App */;
			targetProxy = EA78486A1AC124F4007CD768 /* PBXContainerItemProxy */;
		};
		EA7848751AC124F4007CD768 /* PBXTargetDependency */ = {
			isa = PBXTargetDependency;
			target = EA78485D1AC124F4007CD768 /* Pinkapple WatchKit Extension */;
			targetProxy = EA7848741AC124F4007CD768 /* PBXContainerItemProxy */;
		};
/* End PBXTargetDependency section */

/* Begin PBXVariantGroup section */
		EA78483E1AC12499007CD768 /* Main.storyboard */ = {
			isa = PBXVariantGroup;
			children = (
				EA78483F1AC12499007CD768 /* Base */,
			);
			name = Main.storyboard;
			sourceTree = "<group>";
		};
		EA7848431AC12499007CD768 /* LaunchScreen.xib */ = {
			isa = PBXVariantGroup;
			children = (
				EA7848441AC12499007CD768 /* Base */,
			);
			name = LaunchScreen.xib;
			sourceTree = "<group>";
		};
		EA78486F1AC124F4007CD768 /* Interface.storyboard */ = {
			isa = PBXVariantGroup;
			children = (
				EA7848701AC124F4007CD768 /* Base */,
			);
			name = Interface.storyboard;
			sourceTree = "<group>";
		};
/* End PBXVariantGroup section */

/* Begin XCBuildConfiguration section */
		EA7848521AC12499007CD768 /* Debug */ = {
			isa = XCBuildConfiguration;
			buildSettings = {
				ALWAYS_SEARCH_USER_PATHS = NO;
				CLANG_CXX_LANGUAGE_STANDARD = "gnu++0x";
				CLANG_CXX_LIBRARY = "libc++";
				CLANG_ENABLE_MODULES = YES;
				CLANG_ENABLE_OBJC_ARC = YES;
				CLANG_WARN_BOOL_CONVERSION = YES;
				CLANG_WARN_CONSTANT_CONVERSION = YES;
				CLANG_WARN_DIRECT_OBJC_ISA_USAGE = YES_ERROR;
				CLANG_WARN_EMPTY_BODY = YES;
				CLANG_WARN_ENUM_CONVERSION = YES;
				CLANG_WARN_INT_CONVERSION = YES;
				CLANG_WARN_OBJC_ROOT_CLASS = YES_ERROR;
				CLANG_WARN_UNREACHABLE_CODE = YES;
				CLANG_WARN__DUPLICATE_METHOD_MATCH = YES;
				"CODE_SIGN_IDENTITY[sdk=iphoneos*]" = "iPhone Developer";
				COPY_PHASE_STRIP = NO;
				ENABLE_STRICT_OBJC_MSGSEND = YES;
				GCC_C_LANGUAGE_STANDARD = gnu99;
				GCC_DYNAMIC_NO_PIC = NO;
				GCC_OPTIMIZATION_LEVEL = 0;
				GCC_PREPROCESSOR_DEFINITIONS = (
					"DEBUG=1",
					"$(inherited)",
				);
				GCC_SYMBOLS_PRIVATE_EXTERN = NO;
				GCC_WARN_64_TO_32_BIT_CONVERSION = YES;
				GCC_WARN_ABOUT_RETURN_TYPE = YES_ERROR;
				GCC_WARN_UNDECLARED_SELECTOR = YES;
				GCC_WARN_UNINITIALIZED_AUTOS = YES_AGGRESSIVE;
				GCC_WARN_UNUSED_FUNCTION = YES;
				GCC_WARN_UNUSED_VARIABLE = YES;
				IPHONEOS_DEPLOYMENT_TARGET = 8.2;
				MTL_ENABLE_DEBUG_INFO = YES;
				ONLY_ACTIVE_ARCH = YES;
				SDKROOT = iphoneos;
				SWIFT_OPTIMIZATION_LEVEL = "-Onone";
			};
			name = Debug;
		};
		EA7848531AC12499007CD768 /* Release */ = {
			isa = XCBuildConfiguration;
			buildSettings = {
				ALWAYS_SEARCH_USER_PATHS = NO;
				CLANG_CXX_LANGUAGE_STANDARD = "gnu++0x";
				CLANG_CXX_LIBRARY = "libc++";
				CLANG_ENABLE_MODULES = YES;
				CLANG_ENABLE_OBJC_ARC = YES;
				CLANG_WARN_BOOL_CONVERSION = YES;
				CLANG_WARN_CONSTANT_CONVERSION = YES;
				CLANG_WARN_DIRECT_OBJC_ISA_USAGE = YES_ERROR;
				CLANG_WARN_EMPTY_BODY = YES;
				CLANG_WARN_ENUM_CONVERSION = YES;
				CLANG_WARN_INT_CONVERSION = YES;
				CLANG_WARN_OBJC_ROOT_CLASS = YES_ERROR;
				CLANG_WARN_UNREACHABLE_CODE = YES;
				CLANG_WARN__DUPLICATE_METHOD_MATCH = YES;
				"CODE_SIGN_IDENTITY[sdk=iphoneos*]" = "iPhone Developer";
				COPY_PHASE_STRIP = NO;
				ENABLE_NS_ASSERTIONS = NO;
				ENABLE_STRICT_OBJC_MSGSEND = YES;
				GCC_C_LANGUAGE_STANDARD = gnu99;
				GCC_WARN_64_TO_32_BIT_CONVERSION = YES;
				GCC_WARN_ABOUT_RETURN_TYPE = YES_ERROR;
				GCC_WARN_UNDECLARED_SELECTOR = YES;
				GCC_WARN_UNINITIALIZED_AUTOS = YES_AGGRESSIVE;
				GCC_WARN_UNUSED_FUNCTION = YES;
				GCC_WARN_UNUSED_VARIABLE = YES;
				IPHONEOS_DEPLOYMENT_TARGET = 8.2;
				MTL_ENABLE_DEBUG_INFO = NO;
				SDKROOT = iphoneos;
				VALIDATE_PRODUCT = YES;
			};
			name = Release;
		};
		EA7848551AC12499007CD768 /* Debug */ = {
			isa = XCBuildConfiguration;
			buildSettings = {
				ASSETCATALOG_COMPILER_APPICON_NAME = AppIcon;
				EMBEDDED_CONTENT_CONTAINS_SWIFT = YES;
				INFOPLIST_FILE = Pinkapple/Info.plist;
				LD_RUNPATH_SEARCH_PATHS = "$(inherited) @executable_path/Frameworks";
				PRODUCT_NAME = "$(TARGET_NAME)";
			};
			name = Debug;
		};
		EA7848561AC12499007CD768 /* Release */ = {
			isa = XCBuildConfiguration;
			buildSettings = {
				ASSETCATALOG_COMPILER_APPICON_NAME = AppIcon;
				EMBEDDED_CONTENT_CONTAINS_SWIFT = YES;
				INFOPLIST_FILE = Pinkapple/Info.plist;
				LD_RUNPATH_SEARCH_PATHS = "$(inherited) @executable_path/Frameworks";
				PRODUCT_NAME = "$(TARGET_NAME)";
			};
			name = Release;
		};
		EA7848581AC12499007CD768 /* Debug */ = {
			isa = XCBuildConfiguration;
			buildSettings = {
				BUNDLE_LOADER = "$(TEST_HOST)";
				FRAMEWORK_SEARCH_PATHS = (
					"$(SDKROOT)/Developer/Library/Frameworks",
					"$(inherited)",
				);
				GCC_PREPROCESSOR_DEFINITIONS = (
					"DEBUG=1",
					"$(inherited)",
				);
				INFOPLIST_FILE = PinkappleTests/Info.plist;
				LD_RUNPATH_SEARCH_PATHS = "$(inherited) @executable_path/Frameworks @loader_path/Frameworks";
				PRODUCT_NAME = "$(TARGET_NAME)";
				TEST_HOST = "$(BUILT_PRODUCTS_DIR)/Pinkapple.app/Pinkapple";
			};
			name = Debug;
		};
		EA7848591AC12499007CD768 /* Release */ = {
			isa = XCBuildConfiguration;
			buildSettings = {
				BUNDLE_LOADER = "$(TEST_HOST)";
				FRAMEWORK_SEARCH_PATHS = (
					"$(SDKROOT)/Developer/Library/Frameworks",
					"$(inherited)",
				);
				INFOPLIST_FILE = PinkappleTests/Info.plist;
				LD_RUNPATH_SEARCH_PATHS = "$(inherited) @executable_path/Frameworks @loader_path/Frameworks";
				PRODUCT_NAME = "$(TARGET_NAME)";
				TEST_HOST = "$(BUILT_PRODUCTS_DIR)/Pinkapple.app/Pinkapple";
			};
			name = Release;
		};
		EA7848781AC124F4007CD768 /* Debug */ = {
			isa = XCBuildConfiguration;
			buildSettings = {
				ASSETCATALOG_COMPILER_APPICON_NAME = AppIcon;
				GCC_PREPROCESSOR_DEFINITIONS = (
					"DEBUG=1",
					"$(inherited)",
				);
				IBSC_MODULE = Pinkapple_WatchKit_Extension;
				INFOPLIST_FILE = "Pinkapple WatchKit App/Info.plist";
				PRODUCT_NAME = "$(TARGET_NAME)";
				SKIP_INSTALL = YES;
				TARGETED_DEVICE_FAMILY = 4;
				"TARGETED_DEVICE_FAMILY[sdk=iphonesimulator*]" = "1,4";
			};
			name = Debug;
		};
		EA7848791AC124F4007CD768 /* Release */ = {
			isa = XCBuildConfiguration;
			buildSettings = {
				ASSETCATALOG_COMPILER_APPICON_NAME = AppIcon;
				IBSC_MODULE = Pinkapple_WatchKit_Extension;
				INFOPLIST_FILE = "Pinkapple WatchKit App/Info.plist";
				PRODUCT_NAME = "$(TARGET_NAME)";
				SKIP_INSTALL = YES;
				TARGETED_DEVICE_FAMILY = 4;
				"TARGETED_DEVICE_FAMILY[sdk=iphonesimulator*]" = "1,4";
			};
			name = Release;
		};
		EA78487B1AC124F4007CD768 /* Debug */ = {
			isa = XCBuildConfiguration;
			buildSettings = {
				GCC_PREPROCESSOR_DEFINITIONS = (
					"DEBUG=1",
					"$(inherited)",
				);
				INFOPLIST_FILE = "Pinkapple WatchKit Extension/Info.plist";
				LD_RUNPATH_SEARCH_PATHS = "$(inherited) @executable_path/Frameworks @executable_path/../../Frameworks";
				PRODUCT_NAME = "${TARGET_NAME}";
				SKIP_INSTALL = YES;
			};
			name = Debug;
		};
		EA78487C1AC124F4007CD768 /* Release */ = {
			isa = XCBuildConfiguration;
			buildSettings = {
				INFOPLIST_FILE = "Pinkapple WatchKit Extension/Info.plist";
				LD_RUNPATH_SEARCH_PATHS = "$(inherited) @executable_path/Frameworks @executable_path/../../Frameworks";
				PRODUCT_NAME = "${TARGET_NAME}";
				SKIP_INSTALL = YES;
			};
			name = Release;
		};
/* End XCBuildConfiguration section */

/* Begin XCConfigurationList section */
		EA7848301AC12499007CD768 /* Build configuration list for PBXProject "Pinkapple" */ = {
			isa = XCConfigurationList;
			buildConfigurations = (
				EA7848521AC12499007CD768 /* Debug */,
				EA7848531AC12499007CD768 /* Release */,
			);
			defaultConfigurationIsVisible = 0;
			defaultConfigurationName = Release;
		};
		EA7848541AC12499007CD768 /* Build configuration list for PBXNativeTarget "Pinkapple" */ = {
			isa = XCConfigurationList;
			buildConfigurations = (
				EA7848551AC12499007CD768 /* Debug */,
				EA7848561AC12499007CD768 /* Release */,
			);
			defaultConfigurationIsVisible = 0;
			defaultConfigurationName = Release;
		};
		EA7848571AC12499007CD768 /* Build configuration list for PBXNativeTarget "PinkappleTests" */ = {
			isa = XCConfigurationList;
			buildConfigurations = (
				EA7848581AC12499007CD768 /* Debug */,
				EA7848591AC12499007CD768 /* Release */,
			);
			defaultConfigurationIsVisible = 0;
			defaultConfigurationName = Release;
		};
		EA7848771AC124F4007CD768 /* Build configuration list for PBXNativeTarget "Pinkapple WatchKit App" */ = {
			isa = XCConfigurationList;
			buildConfigurations = (
				EA7848781AC124F4007CD768 /* Debug */,
				EA7848791AC124F4007CD768 /* Release */,
			);
			defaultConfigurationIsVisible = 0;
			defaultConfigurationName = Release;
		};
		EA78487A1AC124F4007CD768 /* Build configuration list for PBXNativeTarget "Pinkapple WatchKit Extension" */ = {
			isa = XCConfigurationList;
			buildConfigurations = (
				EA78487B1AC124F4007CD768 /* Debug */,
				EA78487C1AC124F4007CD768 /* Release */,
			);
			defaultConfigurationIsVisible = 0;
			defaultConfigurationName = Release;
		};
/* End XCConfigurationList section */
	};
	rootObject = EA78482D1AC12499007CD768 /* Project object */;
}
