<?xml version="1.0" encoding="UTF-8"?>
<Scheme
   LastUpgradeVersion = "0620"
   version = "1.3">
   <BuildAction
      parallelizeBuildables = "YES"
      buildImplicitDependencies = "YES">
      <BuildActionEntries>
         <BuildActionEntry
            buildForTesting = "YES"
            buildForRunning = "YES"
            buildForProfiling = "YES"
            buildForArchiving = "YES"
            buildForAnalyzing = "YES">
            <BuildableReference
               BuildableIdentifier = "primary"
               BlueprintIdentifier = "EA7848671AC124F4007CD768"
               BuildableName = "Pinkapple WatchKit App.app"
               BlueprintName = "Pinkapple WatchKit App"
               ReferencedContainer = "container:Pinkapple.xcodeproj">
            </BuildableReference>
         </BuildActionEntry>
         <BuildActionEntry
            buildForTesting = "YES"
            buildForRunning = "YES"
            buildForProfiling = "YES"
            buildForArchiving = "YES"
            buildForAnalyzing = "YES">
            <BuildableReference
               BuildableIdentifier = "primary"
               BlueprintIdentifier = "EA7848341AC12499007CD768"
               BuildableName = "Pinkapple.app"
               BlueprintName = "Pinkapple"
               ReferencedContainer = "container:Pinkapple.xcodeproj">
            </BuildableReference>
         </BuildActionEntry>
         <BuildActionEntry
            buildForTesting = "YES"
            buildForRunning = "YES"
            buildForProfiling = "YES"
            buildForArchiving = "YES"
            buildForAnalyzing = "YES">
            <BuildableReference
               BuildableIdentifier = "primary"
               BlueprintIdentifier = "EA78485D1AC124F4007CD768"
               BuildableName = "Pinkapple WatchKit Extension.appex"
               BlueprintName = "Pinkapple WatchKit Extension"
               ReferencedContainer = "container:Pinkapple.xcodeproj">
            </BuildableReference>
         </BuildActionEntry>
      </BuildActionEntries>
   </BuildAction>
   <TestAction
      selectedDebuggerIdentifier = "Xcode.DebuggerFoundation.Debugger.LLDB"
      selectedLauncherIdentifier = "Xcode.DebuggerFoundation.Launcher.LLDB"
      shouldUseLaunchSchemeArgsEnv = "YES"
      buildConfiguration = "Debug">
      <Testables>
      </Testables>
      <MacroExpansion>
         <BuildableReference
            BuildableIdentifier = "primary"
            BlueprintIdentifier = "EA7848671AC124F4007CD768"
            BuildableName = "Pinkapple WatchKit App.app"
            BlueprintName = "Pinkapple WatchKit App"
            ReferencedContainer = "container:Pinkapple.xcodeproj">
         </BuildableReference>
      </MacroExpansion>
   </TestAction>
   <LaunchAction
      selectedDebuggerIdentifier = "Xcode.DebuggerFoundation.Debugger.LLDB"
      selectedLauncherIdentifier = "Xcode.DebuggerFoundation.Launcher.LLDB"
      launchStyle = "0"
      useCustomWorkingDirectory = "NO"
      buildConfiguration = "Debug"
      ignoresPersistentStateOnLaunch = "NO"
      debugDocumentVersioning = "YES"
      allowLocationSimulation = "YES">
      <RemoteRunnable
         runnableDebuggingMode = "2"
         BundleIdentifier = "com.apple.springboard"
         RemotePath = "/Pinkapple">
         <BuildableReference
            BuildableIdentifier = "primary"
            BlueprintIdentifier = "EA7848671AC124F4007CD768"
            BuildableName = "Pinkapple WatchKit App.app"
            BlueprintName = "Pinkapple WatchKit App"
            ReferencedContainer = "container:Pinkapple.xcodeproj">
         </BuildableReference>
      </RemoteRunnable>
      <MacroExpansion>
         <BuildableReference
            BuildableIdentifier = "primary"
            BlueprintIdentifier = "EA7848671AC124F4007CD768"
            BuildableName = "Pinkapple WatchKit App.app"
            BlueprintName = "Pinkapple WatchKit App"
            ReferencedContainer = "container:Pinkapple.xcodeproj">
         </BuildableReference>
      </MacroExpansion>
      <AdditionalOptions>
      </AdditionalOptions>
   </LaunchAction>
   <ProfileAction
      shouldUseLaunchSchemeArgsEnv = "YES"
      savedToolIdentifier = ""
      useCustomWorkingDirectory = "NO"
      buildConfiguration = "Release"
      debugDocumentVersioning = "YES">
      <RemoteRunnable
         runnableDebuggingMode = "2"
         BundleIdentifier = "com.apple.springboard"
         RemotePath = "/Pinkapple">
         <BuildableReference
            BuildableIdentifier = "primary"
            BlueprintIdentifier = "EA7848671AC124F4007CD768"
            BuildableName = "Pinkapple WatchKit App.app"
            BlueprintName = "Pinkapple WatchKit App"
            ReferencedContainer = "container:Pinkapple.xcodeproj">
         </BuildableReference>
      </RemoteRunnable>
      <MacroExpansion>
         <BuildableReference
            BuildableIdentifier = "primary"
            BlueprintIdentifier = "EA7848671AC124F4007CD768"
            BuildableName = "Pinkapple WatchKit App.app"
            BlueprintName = "Pinkapple WatchKit App"
            ReferencedContainer = "container:Pinkapple.xcodeproj">
         </BuildableReference>
      </MacroExpansion>
   </ProfileAction>
   <AnalyzeAction
      buildConfiguration = "Debug">
   </AnalyzeAction>
   <ArchiveAction
      buildConfiguration = "Release"
      revealArchiveInOrganizer = "YES">
   </ArchiveAction>
</Scheme>
